
Microsoft Visual Studio Solution File, Format Version 12.00
# Visual Studio Version 17
VisualStudioVersion = 17.14.36518.9 d17.14
MinimumVisualStudioVersion = 10.0.40219.1
Project("{FAE04EC0-301F-11D3-BF4B-00C04F79EFBC}") = "Johns.Lyng.Todo.Api", "Johns.Lyng.Todo.Api\Johns.Lyng.Todo.Api.csproj", "{94373CC8-9DC9-4214-9349-2337A085C0AF}"
EndProject
Project("{FAE04EC0-301F-11D3-BF4B-00C04F79EFBC}") = "Johns.Lyng.Todo.Model", "Johns.Lyng.Todo.Model\Johns.Lyng.Todo.Model.csproj", "{0233638C-619D-4CA8-A35E-323A83A552B1}"
EndProject
Project("{FAE04EC0-301F-11D3-BF4B-00C04F79EFBC}") = "Johns.Lyng.Todo.ViewModel", "Johns.Lyng.Todo.ViewModel\Johns.Lyng.Todo.ViewModel.csproj", "{BFF050C6-1BBE-4B54-BACD-16B7B8B6D95B}"
EndProject
Global
	GlobalSection(SolutionConfigurationPlatforms) = preSolution
		Debug|Any CPU = Debug|Any CPU
		Release|Any CPU = Release|Any CPU
	EndGlobalSection
	GlobalSection(ProjectConfigurationPlatforms) = postSolution
		{94373CC8-9DC9-4214-9349-2337A085C0AF}.Debug|Any CPU.ActiveCfg = Debug|Any CPU
		{94373CC8-9DC9-4214-9349-2337A085C0AF}.Debug|Any CPU.Build.0 = Debug|Any CPU
		{94373CC8-9DC9-4214-9349-2337A085C0AF}.Release|Any CPU.ActiveCfg = Release|Any CPU
		{94373CC8-9DC9-4214-9349-2337A085C0AF}.Release|Any CPU.Build.0 = Release|Any CPU
		{0233638C-619D-4CA8-A35E-323A83A552B1}.Debug|Any CPU.ActiveCfg = Debug|Any CPU
		{0233638C-619D-4CA8-A35E-323A83A552B1}.Debug|Any CPU.Build.0 = Debug|Any CPU
		{0233638C-619D-4CA8-A35E-323A83A552B1}.Release|Any CPU.ActiveCfg = Release|Any CPU
		{0233638C-619D-4CA8-A35E-323A83A552B1}.Release|Any CPU.Build.0 = Release|Any CPU
		{BFF050C6-1BBE-4B54-BACD-16B7B8B6D95B}.Debug|Any CPU.ActiveCfg = Debug|Any CPU
		{BFF050C6-1BBE-4B54-BACD-16B7B8B6D95B}.Debug|Any CPU.Build.0 = Debug|Any CPU
		{BFF050C6-1BBE-4B54-BACD-16B7B8B6D95B}.Release|Any CPU.ActiveCfg = Release|Any CPU
		{BFF050C6-1BBE-4B54-BACD-16B7B8B6D95B}.Release|Any CPU.Build.0 = Release|Any CPU
	EndGlobalSection
	GlobalSection(SolutionProperties) = preSolution
		HideSolutionNode = FALSE
	EndGlobalSection
	GlobalSection(ExtensibilityGlobals) = postSolution
		SolutionGuid = {EC5F7FD0-C851-41A7-86ED-231B50FBD1D8}
	EndGlobalSection
EndGlobal
